github.com/dchest/authcookie v0.0.0-20190824115100-f900d2294c8e h1:xizeG5ksKSdyNaom2//2Bow4hLWqXkCql36nrL9iEUI=
github.com/dchest/authcookie v0.0.0-20190824115100-f900d2294c8e/go.mod h1:x7AK2h2QzaXVEFi1tbMYMDuvHcCEr1QdMDrg3hkW24Q=
github.com/dgrijalva/jwt-go v3.2.0+incompatible h1:7qlOGliEKZXTDg6OTjfoBKDXWrumCAMpl/TFQ4/5kLM=
github.com/dgrijalva/jwt-go v3.2.0+incompatible/go.mod h1:E3ru+11k8xSBh+hMPgOLZmtrrCbhqsmaPHjLKYnJCaQ=
github.com/google/uuid v1.3.0 h1:t6JiXgmwXMjEs8VusXIJk2BXHsn+wx8BZdTaoZ5fu7I=
github.com/google/uuid v1.3.0/go.mod h1:TIyPZe4MgqvfeYDBFedMoGGpEw/LqOeaOT+nhxU+yHo=
